{
  "requires": true,
  "lockfileVersion": 1,
  "dependencies": {
    "darkmode-js": {
      "version": "1.5.1",
      "resolved": "https://registry.npmjs.org/darkmode-js/-/darkmode-js-1.5.1.tgz",
      "integrity": "sha512-IrU4xl6+5xwuSHC/9ZpTOqRP5z3zPwKjp2PbTHb4Q2beSuhsFnxQWWpbTXhwmK6dhwQA92nccbx+3MvXC/OFGA=="
    }
  }
}
