{
  "requires": true,
  "lockfileVersion": 1,
  "dependencies": {
    "darkmode-js": {
      "version": "1.5.1",
      "resolved": "https://registry.npmjs.org/darkmode-js/-/darkmode-js-1.5.1.tgz",
      "integrity": "sha512-IrU4xl6+5xwuSHC/9ZpTOqRP5z3zPwKjp2PbTHb4Q2beSuhsFnxQWWpbTXhwmK6dhwQA92nccbx+3MvXC/OFGA=="
    },
    "typeit": {
      "version": "6.1.1",
      "resolved": "https://registry.npmjs.org/typeit/-/typeit-6.1.1.tgz",
      "integrity": "sha512-QZs2pfdPqQaApw5E2yCOg6VUI5PaIosnSJ3k7vNXmRTujglrNTEj1LgP3Twn0Fv4Vp3w8r0rADkkK3bnK9Iptw=="
    }
  }
}
